
Microsoft Visual Studio Solution File, Format Version 12.00
# Visual Studio Version 16
VisualStudioVersion = 16.0.32802.440
MinimumVisualStudioVersion = 10.0.40219.1
Project("{FAE04EC0-301F-11D3-BF4B-00C04F79EFBC}") = "RuneChan", "RuneChan.csproj", "{B125BB92-EE61-42BC-B9F2-40DF0602A56D}"
EndProject
Global
	GlobalSection(SolutionConfigurationPlatforms) = preSolution
		Debug|Any CPU = Debug|Any CPU
		Release|Any CPU = Release|Any CPU
	EndGlobalSection
	GlobalSection(ProjectConfigurationPlatforms) = postSolution
		{B125BB92-EE61-42BC-B9F2-40DF0602A56D}.Debug|Any CPU.ActiveCfg = Debug|Any CPU
		{B125BB92-EE61-42BC-B9F2-40DF0602A56D}.Debug|Any CPU.Build.0 = Debug|Any CPU
		{B125BB92-EE61-42BC-B9F2-40DF0602A56D}.Release|Any CPU.ActiveCfg = Release|Any CPU
		{B125BB92-EE61-42BC-B9F2-40DF0602A56D}.Release|Any CPU.Build.0 = Release|Any CPU
	EndGlobalSection
	GlobalSection(SolutionProperties) = preSolution
		HideSolutionNode = FALSE
	EndGlobalSection
	GlobalSection(ExtensibilityGlobals) = postSolution
		SolutionGuid = {D2B9CFF6-8D9E-4C8B-89C1-6A95BC37569C}
	EndGlobalSection
EndGlobal
